// !$*UTF8*$!
{
	archiveVersion = 1;
	classes = {
	};
	objectVersion = 56;
	objects = {

/* Begin PBXBuildFile section */
		0292964E29F805280037036D /* 011.svg in Resources */ = {isa = PBXBuildFile; fileRef = 0292964029F805270037036D /* 011.svg */; };
		0292964F29F805280037036D /* 014.svg in Resources */ = {isa = PBXBuildFile; fileRef = 0292964129F805270037036D /* 014.svg */; };
		0292965029F805280037036D /* 002.svg in Resources */ = {isa = PBXBuildFile; fileRef = 0292964229F805270037036D /* 002.svg */; };
		0292965129F805280037036D /* 006.svg in Resources */ = {isa = PBXBuildFile; fileRef = 0292964329F805270037036D /* 006.svg */; };
		0292965229F805280037036D /* 010.svg in Resources */ = {isa = PBXBuildFile; fileRef = 0292964429F805270037036D /* 010.svg */; };
		0292965329F805280037036D /* 008.svg in Resources */ = {isa = PBXBuildFile; fileRef = 0292964529F805270037036D /* 008.svg */; };
		0292965429F805280037036D /* 009.svg in Resources */ = {isa = PBXBuildFile; fileRef = 0292964629F805270037036D /* 009.svg */; };
		0292965529F805280037036D /* 001.svg in Resources */ = {isa = PBXBuildFile; fileRef = 0292964729F805270037036D /* 001.svg */; };
		0292965629F805280037036D /* 012.svg in Resources */ = {isa = PBXBuildFile; fileRef = 0292964829F805270037036D /* 012.svg */; };
		0292965729F805280037036D /* 004.svg in Resources */ = {isa = PBXBuildFile; fileRef = 0292964929F805270037036D /* 004.svg */; };
		0292965829F805280037036D /* 005.svg in Resources */ = {isa = PBXBuildFile; fileRef = 0292964A29F805270037036D /* 005.svg */; };
		0292965929F805280037036D /* 007.svg in Resources */ = {isa = PBXBuildFile; fileRef = 0292964B29F805280037036D /* 007.svg */; };
		0292965A29F805280037036D /* 013.svg in Resources */ = {isa = PBXBuildFile; fileRef = 0292964C29F805280037036D /* 013.svg */; };
		0292965B29F805280037036D /* 003.svg in Resources */ = {isa = PBXBuildFile; fileRef = 0292964D29F805280037036D /* 003.svg */; };
		0292965D29F808930037036D /* PhotoPickerViewModel.swift in Sources */ = {isa = PBXBuildFile; fileRef = 0292965C29F808930037036D /* PhotoPickerViewModel.swift */; };
		0292965F29F91ABA0037036D /* SVGScrollView.swift in Sources */ = {isa = PBXBuildFile; fileRef = 0292965E29F91ABA0037036D /* SVGScrollView.swift */; };
		02CF21F429F640DC00EC229E /* AppDelegate.swift in Sources */ = {isa = PBXBuildFile; fileRef = 02CF21F329F640DC00EC229E /* AppDelegate.swift */; };
		02CF21F629F640DC00EC229E /* SceneDelegate.swift in Sources */ = {isa = PBXBuildFile; fileRef = 02CF21F529F640DC00EC229E /* SceneDelegate.swift */; };
		02CF21F829F640DC00EC229E /* ViewController.swift in Sources */ = {isa = PBXBuildFile; fileRef = 02CF21F729F640DC00EC229E /* ViewController.swift */; };
		02CF21FB29F640DC00EC229E /* Main.storyboard in Resources */ = {isa = PBXBuildFile; fileRef = 02CF21F929F640DC00EC229E /* Main.storyboard */; };
		02CF21FD29F640DF00EC229E /* Assets.xcassets in Resources */ = {isa = PBXBuildFile; fileRef = 02CF21FC29F640DF00EC229E /* Assets.xcassets */; };
		02CF220029F640DF00EC229E /* LaunchScreen.storyboard in Resources */ = {isa = PBXBuildFile; fileRef = 02CF21FE29F640DF00EC229E /* LaunchScreen.storyboard */; };
		02CF220D29F6443D00EC229E /* PhotoPickerCollectionViewController.swift in Sources */ = {isa = PBXBuildFile; fileRef = 02CF220C29F6443D00EC229E /* PhotoPickerCollectionViewController.swift */; };
		02CF221129F7E9A400EC229E /* PhotoPickerCollectionViewCell.swift in Sources */ = {isa = PBXBuildFile; fileRef = 02CF221029F7E9A300EC229E /* PhotoPickerCollectionViewCell.swift */; };
/* End PBXBuildFile section */

/* Begin PBXFileReference section */
		0292964029F805270037036D /* 011.svg */ = {isa = PBXFileReference; fileEncoding = 4; lastKnownFileType = text; path = 011.svg; sourceTree = "<group>"; };
		0292964129F805270037036D /* 014.svg */ = {isa = PBXFileReference; fileEncoding = 4; lastKnownFileType = text; path = 014.svg; sourceTree = "<group>"; };
		0292964229F805270037036D /* 002.svg */ = {isa = PBXFileReference; fileEncoding = 4; lastKnownFileType = text; path = 002.svg; sourceTree = "<group>"; };
		0292964329F805270037036D /* 006.svg */ = {isa = PBXFileReference; fileEncoding = 4; lastKnownFileType = text.xml; path = 006.svg; sourceTree = "<group>"; };
		0292964429F805270037036D /* 010.svg */ = {isa = PBXFileReference; fileEncoding = 4; lastKnownFileType = text; path = 010.svg; sourceTree = "<group>"; };
		0292964529F805270037036D /* 008.svg */ = {isa = PBXFileReference; fileEncoding = 4; lastKnownFileType = text; path = 008.svg; sourceTree = "<group>"; };
		0292964629F805270037036D /* 009.svg */ = {isa = PBXFileReference; fileEncoding = 4; lastKnownFileType = text; path = 009.svg; sourceTree = "<group>"; };
		0292964729F805270037036D /* 001.svg */ = {isa = PBXFileReference; fileEncoding = 4; lastKnownFileType = text; path = 001.svg; sourceTree = "<group>"; };
		0292964829F805270037036D /* 012.svg */ = {isa = PBXFileReference; fileEncoding = 4; lastKnownFileType = text; path = 012.svg; sourceTree = "<group>"; };
		0292964929F805270037036D /* 004.svg */ = {isa = PBXFileReference; fileEncoding = 4; lastKnownFileType = text; path = 004.svg; sourceTree = "<group>"; };
		0292964A29F805270037036D /* 005.svg */ = {isa = PBXFileReference; fileEncoding = 4; lastKnownFileType = text.xml; path = 005.svg; sourceTree = "<group>"; };
		0292964B29F805280037036D /* 007.svg */ = {isa = PBXFileReference; fileEncoding = 4; lastKnownFileType = text; path = 007.svg; sourceTree = "<group>"; };
		0292964C29F805280037036D /* 013.svg */ = {isa = PBXFileReference; fileEncoding = 4; lastKnownFileType = text.xml; path = 013.svg; sourceTree = "<group>"; };
		0292964D29F805280037036D /* 003.svg */ = {isa = PBXFileReference; fileEncoding = 4; lastKnownFileType = text.xml; path = 003.svg; sourceTree = "<group>"; };
		0292965C29F808930037036D /* PhotoPickerViewModel.swift */ = {isa = PBXFileReference; lastKnownFileType = sourcecode.swift; path = PhotoPickerViewModel.swift; sourceTree = "<group>"; };
		0292965E29F91ABA0037036D /* SVGScrollView.swift */ = {isa = PBXFileReference; lastKnownFileType = sourcecode.swift; path = SVGScrollView.swift; sourceTree = "<group>"; };
		02CF21F029F640DC00EC229E /* Pixo.app */ = {isa = PBXFileReference; explicitFileType = wrapper.application; includeInIndex = 0; path = Pixo.app; sourceTree = BUILT_PRODUCTS_DIR; };
		02CF21F329F640DC00EC229E /* AppDelegate.swift */ = {isa = PBXFileReference; lastKnownFileType = sourcecode.swift; path = AppDelegate.swift; sourceTree = "<group>"; };
		02CF21F529F640DC00EC229E /* SceneDelegate.swift */ = {isa = PBXFileReference; lastKnownFileType = sourcecode.swift; path = SceneDelegate.swift; sourceTree = "<group>"; };
		02CF21F729F640DC00EC229E /* ViewController.swift */ = {isa = PBXFileReference; lastKnownFileType = sourcecode.swift; path = ViewController.swift; sourceTree = "<group>"; };
		02CF21FA29F640DC00EC229E /* Base */ = {isa = PBXFileReference; lastKnownFileType = file.storyboard; name = Base; path = Base.lproj/Main.storyboard; sourceTree = "<group>"; };
		02CF21FC29F640DF00EC229E /* Assets.xcassets */ = {isa = PBXFileReference; lastKnownFileType = folder.assetcatalog; path = Assets.xcassets; sourceTree = "<group>"; };
		02CF21FF29F640DF00EC229E /* Base */ = {isa = PBXFileReference; lastKnownFileType = file.storyboard; name = Base; path = Base.lproj/LaunchScreen.storyboard; sourceTree = "<group>"; };
		02CF220129F640DF00EC229E /* Info.plist */ = {isa = PBXFileReference; lastKnownFileType = text.plist.xml; path = Info.plist; sourceTree = "<group>"; };
		02CF220C29F6443D00EC229E /* PhotoPickerCollectionViewController.swift */ = {isa = PBXFileReference; lastKnownFileType = sourcecode.swift; path = PhotoPickerCollectionViewController.swift; sourceTree = "<group>"; };
		02CF221029F7E9A300EC229E /* PhotoPickerCollectionViewCell.swift */ = {isa = PBXFileReference; lastKnownFileType = sourcecode.swift; path = PhotoPickerCollectionViewCell.swift; sourceTree = "<group>"; };
/* End PBXFileReference section */

/* Begin PBXFrameworksBuildPhase section */
		02CF21ED29F640DC00EC229E /* Frameworks */ = {
			isa = PBXFrameworksBuildPhase;
			buildActionMask = 2147483647;
			files = (
			);
			runOnlyForDeploymentPostprocessing = 0;
		};
/* End PBXFrameworksBuildPhase section */

/* Begin PBXGroup section */
		028552BC29FB9A9300825B01 /* Model */ = {
			isa = PBXGroup;
			children = (
			);
			path = Model;
			sourceTree = "<group>";
		};
		0292963F29F805020037036D /* Images */ = {
			isa = PBXGroup;
			children = (
				0292964729F805270037036D /* 001.svg */,
				0292964229F805270037036D /* 002.svg */,
				0292964D29F805280037036D /* 003.svg */,
				0292964929F805270037036D /* 004.svg */,
				0292964A29F805270037036D /* 005.svg */,
				0292964329F805270037036D /* 006.svg */,
				0292964B29F805280037036D /* 007.svg */,
				0292964529F805270037036D /* 008.svg */,
				0292964629F805270037036D /* 009.svg */,
				0292964429F805270037036D /* 010.svg */,
				0292964029F805270037036D /* 011.svg */,
				0292964829F805270037036D /* 012.svg */,
				0292964C29F805280037036D /* 013.svg */,
				0292964129F805270037036D /* 014.svg */,
			);
			path = Images;
			sourceTree = "<group>";
		};
		02CF21E729F640DC00EC229E = {
			isa = PBXGroup;
			children = (
				02CF21F229F640DC00EC229E /* Pixo */,
				02CF21F129F640DC00EC229E /* Products */,
			);
			sourceTree = "<group>";
		};
		02CF21F129F640DC00EC229E /* Products */ = {
			isa = PBXGroup;
			children = (
				02CF21F029F640DC00EC229E /* Pixo.app */,
			);
			name = Products;
			sourceTree = "<group>";
		};
		02CF21F229F640DC00EC229E /* Pixo */ = {
			isa = PBXGroup;
			children = (
				0292963F29F805020037036D /* Images */,
				028552BC29FB9A9300825B01 /* Model */,
				02CF220829F642DC00EC229E /* ViewModel */,
				02CF220729F642D200EC229E /* View */,
				02CF21F329F640DC00EC229E /* AppDelegate.swift */,
				02CF21F529F640DC00EC229E /* SceneDelegate.swift */,
				02CF21F729F640DC00EC229E /* ViewController.swift */,
				02CF21F929F640DC00EC229E /* Main.storyboard */,
				02CF21FC29F640DF00EC229E /* Assets.xcassets */,
				02CF21FE29F640DF00EC229E /* LaunchScreen.storyboard */,
				02CF220129F640DF00EC229E /* Info.plist */,
			);
			path = Pixo;
			sourceTree = "<group>";
		};
		02CF220729F642D200EC229E /* View */ = {
			isa = PBXGroup;
			children = (
				02CF220C29F6443D00EC229E /* PhotoPickerCollectionViewController.swift */,
				02CF221029F7E9A300EC229E /* PhotoPickerCollectionViewCell.swift */,
				0292965E29F91ABA0037036D /* SVGScrollView.swift */,
			);
			path = View;
			sourceTree = "<group>";
		};
		02CF220829F642DC00EC229E /* ViewModel */ = {
			isa = PBXGroup;
			children = (
				0292965C29F808930037036D /* PhotoPickerViewModel.swift */,
			);
			path = ViewModel;
			sourceTree = "<group>";
		};
/* End PBXGroup section */

/* Begin PBXNativeTarget section */
		02CF21EF29F640DC00EC229E /* Pixo */ = {
			isa = PBXNativeTarget;
			buildConfigurationList = 02CF220429F640DF00EC229E /* Build configuration list for PBXNativeTarget "Pixo" */;
			buildPhases = (
				02CF21EC29F640DC00EC229E /* Sources */,
				02CF21ED29F640DC00EC229E /* Frameworks */,
				02CF21EE29F640DC00EC229E /* Resources */,
			);
			buildRules = (
			);
			dependencies = (
			);
			name = Pixo;
			packageProductDependencies = (
			);
			productName = Pixo;
			productReference = 02CF21F029F640DC00EC229E /* Pixo.app */;
			productType = "com.apple.product-type.application";
		};
/* End PBXNativeTarget section */

/* Begin PBXProject section */
		02CF21E829F640DC00EC229E /* Project object */ = {
			isa = PBXProject;
			attributes = {
				BuildIndependentTargetsInParallel = 1;
				LastSwiftUpdateCheck = 1400;
				LastUpgradeCheck = 1400;
				TargetAttributes = {
					02CF21EF29F640DC00EC229E = {
						CreatedOnToolsVersion = 14.0.1;
					};
				};
			};
			buildConfigurationList = 02CF21EB29F640DC00EC229E /* Build configuration list for PBXProject "Pixo" */;
			compatibilityVersion = "Xcode 14.0";
			developmentRegion = en;
			hasScannedForEncodings = 0;
			knownRegions = (
				en,
				Base,
			);
			mainGroup = 02CF21E729F640DC00EC229E;
			packageReferences = (
			);
			productRefGroup = 02CF21F129F640DC00EC229E /* Products */;
			projectDirPath = "";
			projectRoot = "";
			targets = (
				02CF21EF29F640DC00EC229E /* Pixo */,
			);
		};
/* End PBXProject section */

/* Begin PBXResourcesBuildPhase section */
		02CF21EE29F640DC00EC229E /* Resources */ = {
			isa = PBXResourcesBuildPhase;
			buildActionMask = 2147483647;
			files = (
				0292965929F805280037036D /* 007.svg in Resources */,
				0292965629F805280037036D /* 012.svg in Resources */,
				0292965129F805280037036D /* 006.svg in Resources */,
				0292965B29F805280037036D /* 003.svg in Resources */,
				0292965529F805280037036D /* 001.svg in Resources */,
				02CF220029F640DF00EC229E /* LaunchScreen.storyboard in Resources */,
				0292964F29F805280037036D /* 014.svg in Resources */,
				02CF21FD29F640DF00EC229E /* Assets.xcassets in Resources */,
				0292965029F805280037036D /* 002.svg in Resources */,
				0292965729F805280037036D /* 004.svg in Resources */,
				0292965A29F805280037036D /* 013.svg in Resources */,
				0292965829F805280037036D /* 005.svg in Resources */,
				02CF21FB29F640DC00EC229E /* Main.storyboard in Resources */,
				0292965329F805280037036D /* 008.svg in Resources */,
				0292965229F805280037036D /* 010.svg in Resources */,
				0292965429F805280037036D /* 009.svg in Resources */,
				0292964E29F805280037036D /* 011.svg in Resources */,
			);
			runOnlyForDeploymentPostprocessing = 0;
		};
/* End PBXResourcesBuildPhase section */

/* Begin PBXSourcesBuildPhase section */
		02CF21EC29F640DC00EC229E /* Sources */ = {
			isa = PBXSourcesBuildPhase;
			buildActionMask = 2147483647;
			files = (
				02CF21F829F640DC00EC229E /* ViewController.swift in Sources */,
				02CF221129F7E9A400EC229E /* PhotoPickerCollectionViewCell.swift in Sources */,
				02CF21F429F640DC00EC229E /* AppDelegate.swift in Sources */,
				0292965F29F91ABA0037036D /* SVGScrollView.swift in Sources */,
				02CF21F629F640DC00EC229E /* SceneDelegate.swift in Sources */,
				02CF220D29F6443D00EC229E /* PhotoPickerCollectionViewController.swift in Sources */,
				0292965D29F808930037036D /* PhotoPickerViewModel.swift in Sources */,
			);
			runOnlyForDeploymentPostprocessing = 0;
		};
/* End PBXSourcesBuildPhase section */

/* Begin PBXVariantGroup section */
		02CF21F929F640DC00EC229E /* Main.storyboard */ = {
			isa = PBXVariantGroup;
			children = (
				02CF21FA29F640DC00EC229E /* Base */,
			);
			name = Main.storyboard;
			sourceTree = "<group>";
		};
		02CF21FE29F640DF00EC229E /* LaunchScreen.storyboard */ = {
			isa = PBXVariantGroup;
			children = (
				02CF21FF29F640DF00EC229E /* Base */,
			);
			name = LaunchScreen.storyboard;
			sourceTree = "<group>";
		};
/* End PBXVariantGroup section */

/* Begin XCBuildConfiguration section */
		02CF220229F640DF00EC229E /* Debug */ = {
			isa = XCBuildConfiguration;
			buildSettings = {
				ALWAYS_SEARCH_USER_PATHS = NO;
				CLANG_ANALYZER_NONNULL = YES;
				CLANG_ANALYZER_NUMBER_OBJECT_CONVERSION = YES_AGGRESSIVE;
				CLANG_CXX_LANGUAGE_STANDARD = "gnu++20";
				CLANG_ENABLE_MODULES = YES;
				CLANG_ENABLE_OBJC_ARC = YES;
				CLANG_ENABLE_OBJC_WEAK = YES;
				CLANG_WARN_BLOCK_CAPTURE_AUTORELEASING = YES;
				CLANG_WARN_BOOL_CONVERSION = YES;
				CLANG_WARN_COMMA = YES;
				CLANG_WARN_CONSTANT_CONVERSION = YES;
				CLANG_WARN_DEPRECATED_OBJC_IMPLEMENTATIONS = YES;
				CLANG_WARN_DIRECT_OBJC_ISA_USAGE = YES_ERROR;
				CLANG_WARN_DOCUMENTATION_COMMENTS = YES;
				CLANG_WARN_EMPTY_BODY = YES;
				CLANG_WARN_ENUM_CONVERSION = YES;
				CLANG_WARN_INFINITE_RECURSION = YES;
				CLANG_WARN_INT_CONVERSION = YES;
				CLANG_WARN_NON_LITERAL_NULL_CONVERSION = YES;
				CLANG_WARN_OBJC_IMPLICIT_RETAIN_SELF = YES;
				CLANG_WARN_OBJC_LITERAL_CONVERSION = YES;
				CLANG_WARN_OBJC_ROOT_CLASS = YES_ERROR;
				CLANG_WARN_QUOTED_INCLUDE_IN_FRAMEWORK_HEADER = YES;
				CLANG_WARN_RANGE_LOOP_ANALYSIS = YES;
				CLANG_WARN_STRICT_PROTOTYPES = YES;
				CLANG_WARN_SUSPICIOUS_MOVE = YES;
				CLANG_WARN_UNGUARDED_AVAILABILITY = YES_AGGRESSIVE;
				CLANG_WARN_UNREACHABLE_CODE = YES;
				CLANG_WARN__DUPLICATE_METHOD_MATCH = YES;
				COPY_PHASE_STRIP = NO;
				DEBUG_INFORMATION_FORMAT = dwarf;
				ENABLE_STRICT_OBJC_MSGSEND = YES;
				ENABLE_TESTABILITY = YES;
				GCC_C_LANGUAGE_STANDARD = gnu11;
				GCC_DYNAMIC_NO_PIC = NO;
				GCC_NO_COMMON_BLOCKS = YES;
				GCC_OPTIMIZATION_LEVEL = 0;
				GCC_PREPROCESSOR_DEFINITIONS = (
					"DEBUG=1",
					"$(inherited)",
				);
				GCC_WARN_64_TO_32_BIT_CONVERSION = YES;
				GCC_WARN_ABOUT_RETURN_TYPE = YES_ERROR;
				GCC_WARN_UNDECLARED_SELECTOR = YES;
				GCC_WARN_UNINITIALIZED_AUTOS = YES_AGGRESSIVE;
				GCC_WARN_UNUSED_FUNCTION = YES;
				GCC_WARN_UNUSED_VARIABLE = YES;
				IPHONEOS_DEPLOYMENT_TARGET = 16.4;
				MTL_ENABLE_DEBUG_INFO = INCLUDE_SOURCE;
				MTL_FAST_MATH = YES;
				ONLY_ACTIVE_ARCH = YES;
				SDKROOT = iphoneos;
				SWIFT_ACTIVE_COMPILATION_CONDITIONS = DEBUG;
				SWIFT_OPTIMIZATION_LEVEL = "-Onone";
			};
			name = Debug;
		};
		02CF220329F640DF00EC229E /* Release */ = {
			isa = XCBuildConfiguration;
			buildSettings = {
				ALWAYS_SEARCH_USER_PATHS = NO;
				CLANG_ANALYZER_NONNULL = YES;
				CLANG_ANALYZER_NUMBER_OBJECT_CONVERSION = YES_AGGRESSIVE;
				CLANG_CXX_LANGUAGE_STANDARD = "gnu++20";
				CLANG_ENABLE_MODULES = YES;
				CLANG_ENABLE_OBJC_ARC = YES;
				CLANG_ENABLE_OBJC_WEAK = YES;
				CLANG_WARN_BLOCK_CAPTURE_AUTORELEASING = YES;
				CLANG_WARN_BOOL_CONVERSION = YES;
				CLANG_WARN_COMMA = YES;
				CLANG_WARN_CONSTANT_CONVERSION = YES;
				CLANG_WARN_DEPRECATED_OBJC_IMPLEMENTATIONS = YES;
				CLANG_WARN_DIRECT_OBJC_ISA_USAGE = YES_ERROR;
				CLANG_WARN_DOCUMENTATION_COMMENTS = YES;
				CLANG_WARN_EMPTY_BODY = YES;
				CLANG_WARN_ENUM_CONVERSION = YES;
				CLANG_WARN_INFINITE_RECURSION = YES;
				CLANG_WARN_INT_CONVERSION = YES;
				CLANG_WARN_NON_LITERAL_NULL_CONVERSION = YES;
				CLANG_WARN_OBJC_IMPLICIT_RETAIN_SELF = YES;
				CLANG_WARN_OBJC_LITERAL_CONVERSION = YES;
				CLANG_WARN_OBJC_ROOT_CLASS = YES_ERROR;
				CLANG_WARN_QUOTED_INCLUDE_IN_FRAMEWORK_HEADER = YES;
				CLANG_WARN_RANGE_LOOP_ANALYSIS = YES;
				CLANG_WARN_STRICT_PROTOTYPES = YES;
				CLANG_WARN_SUSPICIOUS_MOVE = YES;
				CLANG_WARN_UNGUARDED_AVAILABILITY = YES_AGGRESSIVE;
				CLANG_WARN_UNREACHABLE_CODE = YES;
				CLANG_WARN__DUPLICATE_METHOD_MATCH = YES;
				COPY_PHASE_STRIP = NO;
				DEBUG_INFORMATION_FORMAT = "dwarf-with-dsym";
				ENABLE_NS_ASSERTIONS = NO;
				ENABLE_STRICT_OBJC_MSGSEND = YES;
				GCC_C_LANGUAGE_STANDARD = gnu11;
				GCC_NO_COMMON_BLOCKS = YES;
				GCC_WARN_64_TO_32_BIT_CONVERSION = YES;
				GCC_WARN_ABOUT_RETURN_TYPE = YES_ERROR;
				GCC_WARN_UNDECLARED_SELECTOR = YES;
				GCC_WARN_UNINITIALIZED_AUTOS = YES_AGGRESSIVE;
				GCC_WARN_UNUSED_FUNCTION = YES;
				GCC_WARN_UNUSED_VARIABLE = YES;
				IPHONEOS_DEPLOYMENT_TARGET = 16.4;
				MTL_ENABLE_DEBUG_INFO = NO;
				MTL_FAST_MATH = YES;
				SDKROOT = iphoneos;
				SWIFT_COMPILATION_MODE = wholemodule;
				SWIFT_OPTIMIZATION_LEVEL = "-O";
				VALIDATE_PRODUCT = YES;
			};
			name = Release;
		};
		02CF220529F640DF00EC229E /* Debug */ = {
			isa = XCBuildConfiguration;
			buildSettings = {
				ASSETCATALOG_COMPILER_APPICON_NAME = AppIcon;
				ASSETCATALOG_COMPILER_GLOBAL_ACCENT_COLOR_NAME = AccentColor;
				CODE_SIGN_STYLE = Automatic;
				CURRENT_PROJECT_VERSION = 1;
				DEVELOPMENT_TEAM = 6ACX2ZPG9J;
				GENERATE_INFOPLIST_FILE = YES;
				INFOPLIST_FILE = Pixo/Info.plist;
				INFOPLIST_KEY_UIApplicationSupportsIndirectInputEvents = YES;
				INFOPLIST_KEY_UILaunchStoryboardName = LaunchScreen;
				INFOPLIST_KEY_UIMainStoryboardFile = Main;
				INFOPLIST_KEY_UISupportedInterfaceOrientations_iPad = "UIInterfaceOrientationPortrait UIInterfaceOrientationPortraitUpsideDown UIInterfaceOrientationLandscapeLeft UIInterfaceOrientationLandscapeRight";
				INFOPLIST_KEY_UISupportedInterfaceOrientations_iPhone = "UIInterfaceOrientationPortrait UIInterfaceOrientationLandscapeLeft UIInterfaceOrientationLandscapeRight";
				IPHONEOS_DEPLOYMENT_TARGET = 16.4;
				LD_RUNPATH_SEARCH_PATHS = (
					"$(inherited)",
					"@executable_path/Frameworks",
				);
				MARKETING_VERSION = 1.0;
				PRODUCT_BUNDLE_IDENTIFIER = com.hjp.Pixo;
				PRODUCT_NAME = "$(TARGET_NAME)";
				SWIFT_EMIT_LOC_STRINGS = YES;
				SWIFT_VERSION = 5.0;
				TARGETED_DEVICE_FAMILY = "1,2";
			};
			name = Debug;
		};
		02CF220629F640DF00EC229E /* Release */ = {
			isa = XCBuildConfiguration;
			buildSettings = {
				ASSETCATALOG_COMPILER_APPICON_NAME = AppIcon;
				ASSETCATALOG_COMPILER_GLOBAL_ACCENT_COLOR_NAME = AccentColor;
				CODE_SIGN_STYLE = Automatic;
				CURRENT_PROJECT_VERSION = 1;
				DEVELOPMENT_TEAM = 6ACX2ZPG9J;
				GENERATE_INFOPLIST_FILE = YES;
				INFOPLIST_FILE = Pixo/Info.plist;
				INFOPLIST_KEY_UIApplicationSupportsIndirectInputEvents = YES;
				INFOPLIST_KEY_UILaunchStoryboardName = LaunchScreen;
				INFOPLIST_KEY_UIMainStoryboardFile = Main;
				INFOPLIST_KEY_UISupportedInterfaceOrientations_iPad = "UIInterfaceOrientationPortrait UIInterfaceOrientationPortraitUpsideDown UIInterfaceOrientationLandscapeLeft UIInterfaceOrientationLandscapeRight";
				INFOPLIST_KEY_UISupportedInterfaceOrientations_iPhone = "UIInterfaceOrientationPortrait UIInterfaceOrientationLandscapeLeft UIInterfaceOrientationLandscapeRight";
				IPHONEOS_DEPLOYMENT_TARGET = 16.4;
				LD_RUNPATH_SEARCH_PATHS = (
					"$(inherited)",
					"@executable_path/Frameworks",
				);
				MARKETING_VERSION = 1.0;
				PRODUCT_BUNDLE_IDENTIFIER = com.hjp.Pixo;
				PRODUCT_NAME = "$(TARGET_NAME)";
				SWIFT_EMIT_LOC_STRINGS = YES;
				SWIFT_VERSION = 5.0;
				TARGETED_DEVICE_FAMILY = "1,2";
			};
			name = Release;
		};
/* End XCBuildConfiguration section */

/* Begin XCConfigurationList section */
		02CF21EB29F640DC00EC229E /* Build configuration list for PBXProject "Pixo" */ = {
			isa = XCConfigurationList;
			buildConfigurations = (
				02CF220229F640DF00EC229E /* Debug */,
				02CF220329F640DF00EC229E /* Release */,
			);
			defaultConfigurationIsVisible = 0;
			defaultConfigurationName = Release;
		};
		02CF220429F640DF00EC229E /* Build configuration list for PBXNativeTarget "Pixo" */ = {
			isa = XCConfigurationList;
			buildConfigurations = (
				02CF220529F640DF00EC229E /* Debug */,
				02CF220629F640DF00EC229E /* Release */,
			);
			defaultConfigurationIsVisible = 0;
			defaultConfigurationName = Release;
		};
/* End XCConfigurationList section */
	};
	rootObject = 02CF21E829F640DC00EC229E /* Project object */;
}
